
Microsoft Visual Studio Solution File, Format Version 12.00
# Visual Studio Version 16
VisualStudioVersion = 16.0.30621.155
MinimumVisualStudioVersion = 10.0.40219.1
Project("{FAE04EC0-301F-11D3-BF4B-00C04F79EFBC}") = "Calculator", "Calculator.csproj", "{87B1F09F-F0E6-4EEA-A474-2EDEC2BE933D}"
EndProject
Global
	GlobalSection(SolutionConfigurationPlatforms) = preSolution
		Debug|Any CPU = Debug|Any CPU
		Release|Any CPU = Release|Any CPU
	EndGlobalSection
	GlobalSection(ProjectConfigurationPlatforms) = postSolution
		{87B1F09F-F0E6-4EEA-A474-2EDEC2BE933D}.Debug|Any CPU.ActiveCfg = Debug|Any CPU
		{87B1F09F-F0E6-4EEA-A474-2EDEC2BE933D}.Debug|Any CPU.Build.0 = Debug|Any CPU
		{87B1F09F-F0E6-4EEA-A474-2EDEC2BE933D}.Release|Any CPU.ActiveCfg = Release|Any CPU
		{87B1F09F-F0E6-4EEA-A474-2EDEC2BE933D}.Release|Any CPU.Build.0 = Release|Any CPU
	EndGlobalSection
	GlobalSection(SolutionProperties) = preSolution
		HideSolutionNode = FALSE
	EndGlobalSection
	GlobalSection(ExtensibilityGlobals) = postSolution
		SolutionGuid = {1CE8AF4F-1FEF-47F1-90A9-142C7AC5BEF7}
	EndGlobalSection
EndGlobal
